
Microsoft Visual Studio Solution File, Format Version 12.00
# Visual Studio Version 17
VisualStudioVersion = 17.10.35201.131
MinimumVisualStudioVersion = 10.0.40219.1
Project("{9A19103F-16F7-4668-BE54-9A1E7A4F7556}") = "Client.Palaro2026", "Client.Palaro2026\Client.Palaro2026.csproj", "{16FADBFD-474E-4003-984D-393543BDDA4D}"
EndProject
Project("{9A19103F-16F7-4668-BE54-9A1E7A4F7556}") = "Server.Palaro2026", "Server.Palaro2026\Server.Palaro2026.csproj", "{96FBF6E5-0DE2-48DD-B673-C486504948B2}"
EndProject
Project("{FAE04EC0-301F-11D3-BF4B-00C04F79EFBC}") = "Admin.Palaro2026", "Admin.Palaro2026\Admin.Palaro2026.csproj", "{F9004A6D-6A0D-49FE-B300-748E5176ABA3}"
EndProject
Global
	GlobalSection(SolutionConfigurationPlatforms) = preSolution
		Debug|Any CPU = Debug|Any CPU
		Release|Any CPU = Release|Any CPU
	EndGlobalSection
	GlobalSection(ProjectConfigurationPlatforms) = postSolution
		{16FADBFD-474E-4003-984D-393543BDDA4D}.Debug|Any CPU.ActiveCfg = Debug|Any CPU
		{16FADBFD-474E-4003-984D-393543BDDA4D}.Debug|Any CPU.Build.0 = Debug|Any CPU
		{16FADBFD-474E-4003-984D-393543BDDA4D}.Release|Any CPU.ActiveCfg = Release|Any CPU
		{16FADBFD-474E-4003-984D-393543BDDA4D}.Release|Any CPU.Build.0 = Release|Any CPU
		{96FBF6E5-0DE2-48DD-B673-C486504948B2}.Debug|Any CPU.ActiveCfg = Debug|Any CPU
		{96FBF6E5-0DE2-48DD-B673-C486504948B2}.Debug|Any CPU.Build.0 = Debug|Any CPU
		{96FBF6E5-0DE2-48DD-B673-C486504948B2}.Release|Any CPU.ActiveCfg = Release|Any CPU
		{96FBF6E5-0DE2-48DD-B673-C486504948B2}.Release|Any CPU.Build.0 = Release|Any CPU
		{F9004A6D-6A0D-49FE-B300-748E5176ABA3}.Debug|Any CPU.ActiveCfg = Debug|Any CPU
		{F9004A6D-6A0D-49FE-B300-748E5176ABA3}.Debug|Any CPU.Build.0 = Debug|Any CPU
		{F9004A6D-6A0D-49FE-B300-748E5176ABA3}.Release|Any CPU.ActiveCfg = Release|Any CPU
		{F9004A6D-6A0D-49FE-B300-748E5176ABA3}.Release|Any CPU.Build.0 = Release|Any CPU
	EndGlobalSection
	GlobalSection(SolutionProperties) = preSolution
		HideSolutionNode = FALSE
	EndGlobalSection
	GlobalSection(ExtensibilityGlobals) = postSolution
		SolutionGuid = {94DBFB37-13B3-4C7F-A886-7D72B05AA818}
	EndGlobalSection
EndGlobal
